
Microsoft Visual Studio Solution File, Format Version 12.00
# Visual Studio 14
VisualStudioVersion = 14.0.24720.0
MinimumVisualStudioVersion = 10.0.40219.1
Project("{888888A0-9F3D-457C-B088-3A5042F75D52}") = "kari_meyer_python_final", "kari_meyer_python_final\kari_meyer_python_final.pyproj", "{BDCDC171-3656-4000-B40E-CB33EBF511B6}"
EndProject
Project("{2150E333-8FDC-42A3-9474-1A3956D46DE8}") = "Solution Items", "Solution Items", "{E22D7F2F-EA1D-4804-95B3-172F3C64614C}"
	ProjectSection(SolutionItems) = preProject
		kari_meyer_python_final\OWELogo2016.gif = kari_meyer_python_final\OWELogo2016.gif
	EndProjectSection
EndProject
Global
	GlobalSection(SolutionConfigurationPlatforms) = preSolution
		Debug|Any CPU = Debug|Any CPU
		Release|Any CPU = Release|Any CPU
	EndGlobalSection
	GlobalSection(ProjectConfigurationPlatforms) = postSolution
		{BDCDC171-3656-4000-B40E-CB33EBF511B6}.Debug|Any CPU.ActiveCfg = Debug|Any CPU
		{BDCDC171-3656-4000-B40E-CB33EBF511B6}.Release|Any CPU.ActiveCfg = Release|Any CPU
	EndGlobalSection
	GlobalSection(SolutionProperties) = preSolution
		HideSolutionNode = FALSE
	EndGlobalSection
EndGlobal
